
Microsoft Visual Studio Solution File, Format Version 12.00
# Visual Studio Version 17
VisualStudioVersion = 17.0.31903.59
MinimumVisualStudioVersion = 10.0.40219.1
Project("{FAE04EC0-301F-11D3-BF4B-00C04F79EFBC}") = "TestProgram", "TestProgram.csproj", "{95C47CB2-514B-4399-89B9-3B2354E4C12A}"
EndProject
Global
	GlobalSection(SolutionConfigurationPlatforms) = preSolution
		Debug|Any CPU = Debug|Any CPU
		Release|Any CPU = Release|Any CPU
	EndGlobalSection
	GlobalSection(ProjectConfigurationPlatforms) = postSolution
		{95C47CB2-514B-4399-89B9-3B2354E4C12A}.Debug|Any CPU.ActiveCfg = Debug|Any CPU
		{95C47CB2-514B-4399-89B9-3B2354E4C12A}.Debug|Any CPU.Build.0 = Debug|Any CPU
		{95C47CB2-514B-4399-89B9-3B2354E4C12A}.Debug|x64.ActiveCfg = Debug|Any CPU
		{95C47CB2-514B-4399-89B9-3B2354E4C12A}.Debug|x64.Build.0 = Debug|Any CPU
		{95C47CB2-514B-4399-89B9-3B2354E4C12A}.Debug|x86.ActiveCfg = Debug|Any CPU
		{95C47CB2-514B-4399-89B9-3B2354E4C12A}.Debug|x86.Build.0 = Debug|Any CPU
		{95C47CB2-514B-4399-89B9-3B2354E4C12A}.Release|Any CPU.ActiveCfg = Release|Any CPU
		{95C47CB2-514B-4399-89B9-3B2354E4C12A}.Release|Any CPU.Build.0 = Release|Any CPU
		{95C47CB2-514B-4399-89B9-3B2354E4C12A}.Release|x64.ActiveCfg = Release|Any CPU
		{95C47CB2-514B-4399-89B9-3B2354E4C12A}.Release|x64.Build.0 = Release|Any CPU
		{95C47CB2-514B-4399-89B9-3B2354E4C12A}.Release|x86.ActiveCfg = Release|Any CPU
		{95C47CB2-514B-4399-89B9-3B2354E4C12A}.Release|x86.Build.0 = Release|Any CPU
	EndGlobalSection
	GlobalSection(SolutionProperties) = preSolution
		HideSolutionNode = FALSE
	EndGlobalSection
EndGlobal
